
Microsoft Visual Studio Solution File, Format Version 12.00
# Visual Studio Version 17
VisualStudioVersion = 17.11.35327.3
MinimumVisualStudioVersion = 10.0.40219.1
Project("{FAE04EC0-301F-11D3-BF4B-00C04F79EFBC}") = "EjercicioClase", "EjercicioClase\EjercicioClase.csproj", "{00B32E60-D650-4F32-B83D-B3C61798F8BD}"
EndProject
Global
	GlobalSection(SolutionConfigurationPlatforms) = preSolution
		Debug|Any CPU = Debug|Any CPU
		Release|Any CPU = Release|Any CPU
	EndGlobalSection
	GlobalSection(ProjectConfigurationPlatforms) = postSolution
		{00B32E60-D650-4F32-B83D-B3C61798F8BD}.Debug|Any CPU.ActiveCfg = Debug|Any CPU
		{00B32E60-D650-4F32-B83D-B3C61798F8BD}.Debug|Any CPU.Build.0 = Debug|Any CPU
		{00B32E60-D650-4F32-B83D-B3C61798F8BD}.Release|Any CPU.ActiveCfg = Release|Any CPU
		{00B32E60-D650-4F32-B83D-B3C61798F8BD}.Release|Any CPU.Build.0 = Release|Any CPU
	EndGlobalSection
	GlobalSection(SolutionProperties) = preSolution
		HideSolutionNode = FALSE
	EndGlobalSection
	GlobalSection(ExtensibilityGlobals) = postSolution
		SolutionGuid = {313FBC6D-9CCB-4914-BE96-AD146C91CCB9}
	EndGlobalSection
EndGlobal
